
Microsoft Visual Studio Solution File, Format Version 12.00
# Visual Studio Version 17
VisualStudioVersion = 17.7.34202.233
MinimumVisualStudioVersion = 10.0.40219.1
Project("{FAE04EC0-301F-11D3-BF4B-00C04F79EFBC}") = "BookOfRecipes", "BookOfRecipes.csproj", "{5C17ECFE-990B-4C45-BA47-D2B170DA4202}"
EndProject
Global
	GlobalSection(SolutionConfigurationPlatforms) = preSolution
		Debug|Any CPU = Debug|Any CPU
		Release|Any CPU = Release|Any CPU
	EndGlobalSection
	GlobalSection(ProjectConfigurationPlatforms) = postSolution
		{5C17ECFE-990B-4C45-BA47-D2B170DA4202}.Debug|Any CPU.ActiveCfg = Debug|Any CPU
		{5C17ECFE-990B-4C45-BA47-D2B170DA4202}.Debug|Any CPU.Build.0 = Debug|Any CPU
		{5C17ECFE-990B-4C45-BA47-D2B170DA4202}.Release|Any CPU.ActiveCfg = Release|Any CPU
		{5C17ECFE-990B-4C45-BA47-D2B170DA4202}.Release|Any CPU.Build.0 = Release|Any CPU
	EndGlobalSection
	GlobalSection(SolutionProperties) = preSolution
		HideSolutionNode = FALSE
	EndGlobalSection
	GlobalSection(ExtensibilityGlobals) = postSolution
		SolutionGuid = {594E890A-0193-4EEB-ACBC-58492FE30A09}
	EndGlobalSection
EndGlobal
