
Microsoft Visual Studio Solution File, Format Version 12.00
# Visual Studio Version 17
VisualStudioVersion = 17.6.33815.320
MinimumVisualStudioVersion = 10.0.40219.1
Project("{9A19103F-16F7-4668-BE54-9A1E7A4F7556}") = "TIcTacToe", "TIcTacToe\TIcTacToe.csproj", "{73159332-4294-4CE1-A7C4-2ACCC4003BAC}"
EndProject
Project("{9A19103F-16F7-4668-BE54-9A1E7A4F7556}") = "IModel", "IModel\IModel.csproj", "{0F05950C-67DF-4E4E-B07E-332F3D121802}"
EndProject
Project("{9A19103F-16F7-4668-BE54-9A1E7A4F7556}") = "Presenter", "Presenter\Presenter.csproj", "{947DF64F-1796-4073-89B9-A6B6AB06BF65}"
EndProject
Project("{9A19103F-16F7-4668-BE54-9A1E7A4F7556}") = "IView", "IView\IView.csproj", "{2943A9C2-0ED3-4B12-BE48-5E1EE25EC3F9}"
EndProject
Project("{FAE04EC0-301F-11D3-BF4B-00C04F79EFBC}") = "IPlayer", "IPlayer\IPlayer.csproj", "{B3F68CBF-C96E-43D8-9347-90DE92CFD7AB}"
EndProject
Global
	GlobalSection(SolutionConfigurationPlatforms) = preSolution
		Debug|Any CPU = Debug|Any CPU
		Release|Any CPU = Release|Any CPU
	EndGlobalSection
	GlobalSection(ProjectConfigurationPlatforms) = postSolution
		{73159332-4294-4CE1-A7C4-2ACCC4003BAC}.Debug|Any CPU.ActiveCfg = Debug|Any CPU
		{73159332-4294-4CE1-A7C4-2ACCC4003BAC}.Debug|Any CPU.Build.0 = Debug|Any CPU
		{73159332-4294-4CE1-A7C4-2ACCC4003BAC}.Release|Any CPU.ActiveCfg = Release|Any CPU
		{73159332-4294-4CE1-A7C4-2ACCC4003BAC}.Release|Any CPU.Build.0 = Release|Any CPU
		{0F05950C-67DF-4E4E-B07E-332F3D121802}.Debug|Any CPU.ActiveCfg = Debug|Any CPU
		{0F05950C-67DF-4E4E-B07E-332F3D121802}.Debug|Any CPU.Build.0 = Debug|Any CPU
		{0F05950C-67DF-4E4E-B07E-332F3D121802}.Release|Any CPU.ActiveCfg = Release|Any CPU
		{0F05950C-67DF-4E4E-B07E-332F3D121802}.Release|Any CPU.Build.0 = Release|Any CPU
		{947DF64F-1796-4073-89B9-A6B6AB06BF65}.Debug|Any CPU.ActiveCfg = Debug|Any CPU
		{947DF64F-1796-4073-89B9-A6B6AB06BF65}.Debug|Any CPU.Build.0 = Debug|Any CPU
		{947DF64F-1796-4073-89B9-A6B6AB06BF65}.Release|Any CPU.ActiveCfg = Release|Any CPU
		{947DF64F-1796-4073-89B9-A6B6AB06BF65}.Release|Any CPU.Build.0 = Release|Any CPU
		{2943A9C2-0ED3-4B12-BE48-5E1EE25EC3F9}.Debug|Any CPU.ActiveCfg = Debug|Any CPU
		{2943A9C2-0ED3-4B12-BE48-5E1EE25EC3F9}.Debug|Any CPU.Build.0 = Debug|Any CPU
		{2943A9C2-0ED3-4B12-BE48-5E1EE25EC3F9}.Release|Any CPU.ActiveCfg = Release|Any CPU
		{2943A9C2-0ED3-4B12-BE48-5E1EE25EC3F9}.Release|Any CPU.Build.0 = Release|Any CPU
		{B3F68CBF-C96E-43D8-9347-90DE92CFD7AB}.Debug|Any CPU.ActiveCfg = Debug|Any CPU
		{B3F68CBF-C96E-43D8-9347-90DE92CFD7AB}.Debug|Any CPU.Build.0 = Debug|Any CPU
		{B3F68CBF-C96E-43D8-9347-90DE92CFD7AB}.Release|Any CPU.ActiveCfg = Release|Any CPU
		{B3F68CBF-C96E-43D8-9347-90DE92CFD7AB}.Release|Any CPU.Build.0 = Release|Any CPU
	EndGlobalSection
	GlobalSection(SolutionProperties) = preSolution
		HideSolutionNode = FALSE
	EndGlobalSection
	GlobalSection(ExtensibilityGlobals) = postSolution
		SolutionGuid = {2D77D78B-9436-4CD3-8955-01C786C699B9}
	EndGlobalSection
EndGlobal
