
Microsoft Visual Studio Solution File, Format Version 12.00
# Visual Studio Version 17
VisualStudioVersion = 17.7.34202.233
MinimumVisualStudioVersion = 10.0.40219.1
Project("{FAE04EC0-301F-11D3-BF4B-00C04F79EFBC}") = "Clocks", "Clocks.csproj", "{BC96ADDA-9609-4623-B29E-BEC15D929FDA}"
EndProject
Global
	GlobalSection(SolutionConfigurationPlatforms) = preSolution
		Debug|Any CPU = Debug|Any CPU
		Release|Any CPU = Release|Any CPU
	EndGlobalSection
	GlobalSection(ProjectConfigurationPlatforms) = postSolution
		{BC96ADDA-9609-4623-B29E-BEC15D929FDA}.Debug|Any CPU.ActiveCfg = Debug|Any CPU
		{BC96ADDA-9609-4623-B29E-BEC15D929FDA}.Debug|Any CPU.Build.0 = Debug|Any CPU
		{BC96ADDA-9609-4623-B29E-BEC15D929FDA}.Release|Any CPU.ActiveCfg = Release|Any CPU
		{BC96ADDA-9609-4623-B29E-BEC15D929FDA}.Release|Any CPU.Build.0 = Release|Any CPU
	EndGlobalSection
	GlobalSection(SolutionProperties) = preSolution
		HideSolutionNode = FALSE
	EndGlobalSection
	GlobalSection(ExtensibilityGlobals) = postSolution
		SolutionGuid = {A49E41EB-9F3C-4E77-94F4-8B5DBE83395F}
	EndGlobalSection
EndGlobal
